
Microsoft Visual Studio Solution File, Format Version 12.00
# Visual Studio Version 17
VisualStudioVersion = 17.9.34607.119
MinimumVisualStudioVersion = 10.0.40219.1
Project("{FAE04EC0-301F-11D3-BF4B-00C04F79EFBC}") = "Web", "Web\Web.csproj", "{1BA02F06-7E84-4701-973B-1288D9453646}"
EndProject
Global
	GlobalSection(SolutionConfigurationPlatforms) = preSolution
		Debug|Any CPU = Debug|Any CPU
		Release|Any CPU = Release|Any CPU
	EndGlobalSection
	GlobalSection(ProjectConfigurationPlatforms) = postSolution
		{1BA02F06-7E84-4701-973B-1288D9453646}.Debug|Any CPU.ActiveCfg = Debug|Any CPU
		{1BA02F06-7E84-4701-973B-1288D9453646}.Debug|Any CPU.Build.0 = Debug|Any CPU
		{1BA02F06-7E84-4701-973B-1288D9453646}.Release|Any CPU.ActiveCfg = Release|Any CPU
		{1BA02F06-7E84-4701-973B-1288D9453646}.Release|Any CPU.Build.0 = Release|Any CPU
	EndGlobalSection
	GlobalSection(SolutionProperties) = preSolution
		HideSolutionNode = FALSE
	EndGlobalSection
	GlobalSection(ExtensibilityGlobals) = postSolution
		SolutionGuid = {5268ECA3-1F5B-4BB5-84A2-F4B90F189DF1}
	EndGlobalSection
EndGlobal
